
Microsoft Visual Studio Solution File, Format Version 12.00
# Visual Studio Version 16
VisualStudioVersion = 16.0.28701.123
MinimumVisualStudioVersion = 10.0.40219.1
Project("{9A19103F-16F7-4668-BE54-9A1E7A4F7556}") = "Dandy", "Dandy\Dandy.csproj", "{0A0AA69D-54A0-49A5-A6C5-4224CA7F93D5}"
EndProject
Project("{FAE04EC0-301F-11D3-BF4B-00C04F79EFBC}") = "Dandy.Tests", "Dandy.Tests\Dandy.Tests.csproj", "{A6EDD079-1532-4F10-B171-B6249300FF31}"
EndProject
Project("{2150E333-8FDC-42A3-9474-1A3956D46DE8}") = "samples", "samples", "{035B2C4A-B82D-459C-ABBF-C1A6DD9388BE}"
EndProject
Project("{FAE04EC0-301F-11D3-BF4B-00C04F79EFBC}") = "Dandy.Examples", "Dandy.Examples\Dandy.Examples.csproj", "{4121028E-A46B-4E7B-A045-2C2408312362}"
EndProject
Project("{FAE04EC0-301F-11D3-BF4B-00C04F79EFBC}") = "Dandy.Examples.Core", "Dandy.Examples.Core\Dandy.Examples.Core.csproj", "{5B8E4016-FAC8-4F48-9C2E-B0B0CFE0B96B}"
EndProject
Global
	GlobalSection(SolutionConfigurationPlatforms) = preSolution
		Debug|Any CPU = Debug|Any CPU
		Release|Any CPU = Release|Any CPU
	EndGlobalSection
	GlobalSection(ProjectConfigurationPlatforms) = postSolution
		{0A0AA69D-54A0-49A5-A6C5-4224CA7F93D5}.Debug|Any CPU.ActiveCfg = Debug|Any CPU
		{0A0AA69D-54A0-49A5-A6C5-4224CA7F93D5}.Debug|Any CPU.Build.0 = Debug|Any CPU
		{0A0AA69D-54A0-49A5-A6C5-4224CA7F93D5}.Release|Any CPU.ActiveCfg = Release|Any CPU
		{0A0AA69D-54A0-49A5-A6C5-4224CA7F93D5}.Release|Any CPU.Build.0 = Release|Any CPU
		{A6EDD079-1532-4F10-B171-B6249300FF31}.Debug|Any CPU.ActiveCfg = Debug|Any CPU
		{A6EDD079-1532-4F10-B171-B6249300FF31}.Debug|Any CPU.Build.0 = Debug|Any CPU
		{A6EDD079-1532-4F10-B171-B6249300FF31}.Release|Any CPU.ActiveCfg = Release|Any CPU
		{A6EDD079-1532-4F10-B171-B6249300FF31}.Release|Any CPU.Build.0 = Release|Any CPU
		{4121028E-A46B-4E7B-A045-2C2408312362}.Debug|Any CPU.ActiveCfg = Debug|Any CPU
		{4121028E-A46B-4E7B-A045-2C2408312362}.Debug|Any CPU.Build.0 = Debug|Any CPU
		{4121028E-A46B-4E7B-A045-2C2408312362}.Release|Any CPU.ActiveCfg = Release|Any CPU
		{4121028E-A46B-4E7B-A045-2C2408312362}.Release|Any CPU.Build.0 = Release|Any CPU
		{5B8E4016-FAC8-4F48-9C2E-B0B0CFE0B96B}.Debug|Any CPU.ActiveCfg = Debug|Any CPU
		{5B8E4016-FAC8-4F48-9C2E-B0B0CFE0B96B}.Debug|Any CPU.Build.0 = Debug|Any CPU
		{5B8E4016-FAC8-4F48-9C2E-B0B0CFE0B96B}.Release|Any CPU.ActiveCfg = Release|Any CPU
		{5B8E4016-FAC8-4F48-9C2E-B0B0CFE0B96B}.Release|Any CPU.Build.0 = Release|Any CPU
	EndGlobalSection
	GlobalSection(SolutionProperties) = preSolution
		HideSolutionNode = FALSE
	EndGlobalSection
	GlobalSection(NestedProjects) = preSolution
		{4121028E-A46B-4E7B-A045-2C2408312362} = {035B2C4A-B82D-459C-ABBF-C1A6DD9388BE}
		{5B8E4016-FAC8-4F48-9C2E-B0B0CFE0B96B} = {035B2C4A-B82D-459C-ABBF-C1A6DD9388BE}
	EndGlobalSection
	GlobalSection(ExtensibilityGlobals) = postSolution
		SolutionGuid = {3CA9E093-622A-4B04-96A1-6CEADBEF60BD}
	EndGlobalSection
EndGlobal
