
Microsoft Visual Studio Solution File, Format Version 12.00
# Visual Studio 15
VisualStudioVersion = 15.0.28010.2046
MinimumVisualStudioVersion = 10.0.40219.1
Project("{FAE04EC0-301F-11D3-BF4B-00C04F79EFBC}") = "Dandy", "Dandy\Dandy.csproj", "{0A0AA69D-54A0-49A5-A6C5-4224CA7F93D5}"
EndProject
Project("{FAE04EC0-301F-11D3-BF4B-00C04F79EFBC}") = "Dandy.Tests", "Dandy.Tests\Dandy.Tests.csproj", "{A6EDD079-1532-4F10-B171-B6249300FF31}"
EndProject
Global
	GlobalSection(SolutionConfigurationPlatforms) = preSolution
		Debug|Any CPU = Debug|Any CPU
		Release|Any CPU = Release|Any CPU
	EndGlobalSection
	GlobalSection(ProjectConfigurationPlatforms) = postSolution
		{0A0AA69D-54A0-49A5-A6C5-4224CA7F93D5}.Debug|Any CPU.ActiveCfg = Debug|Any CPU
		{0A0AA69D-54A0-49A5-A6C5-4224CA7F93D5}.Debug|Any CPU.Build.0 = Debug|Any CPU
		{0A0AA69D-54A0-49A5-A6C5-4224CA7F93D5}.Release|Any CPU.ActiveCfg = Release|Any CPU
		{0A0AA69D-54A0-49A5-A6C5-4224CA7F93D5}.Release|Any CPU.Build.0 = Release|Any CPU
		{A6EDD079-1532-4F10-B171-B6249300FF31}.Debug|Any CPU.ActiveCfg = Debug|Any CPU
		{A6EDD079-1532-4F10-B171-B6249300FF31}.Debug|Any CPU.Build.0 = Debug|Any CPU
		{A6EDD079-1532-4F10-B171-B6249300FF31}.Release|Any CPU.ActiveCfg = Release|Any CPU
		{A6EDD079-1532-4F10-B171-B6249300FF31}.Release|Any CPU.Build.0 = Release|Any CPU
	EndGlobalSection
	GlobalSection(SolutionProperties) = preSolution
		HideSolutionNode = FALSE
	EndGlobalSection
	GlobalSection(ExtensibilityGlobals) = postSolution
		SolutionGuid = {3CA9E093-622A-4B04-96A1-6CEADBEF60BD}
	EndGlobalSection
EndGlobal
